
Microsoft Visual Studio Solution File, Format Version 12.00
# Visual Studio Version 17
VisualStudioVersion = 17.12.35527.113 d17.12
MinimumVisualStudioVersion = 10.0.40219.1
Project("{FAE04EC0-301F-11D3-BF4B-00C04F79EFBC}") = "RevisaoAula1", "RevisaoAula1\RevisaoAula1.csproj", "{51C0D861-E90B-4AB0-BD01-7DE58849835C}"
EndProject
Global
	GlobalSection(SolutionConfigurationPlatforms) = preSolution
		Debug|Any CPU = Debug|Any CPU
		Release|Any CPU = Release|Any CPU
	EndGlobalSection
	GlobalSection(ProjectConfigurationPlatforms) = postSolution
		{51C0D861-E90B-4AB0-BD01-7DE58849835C}.Debug|Any CPU.ActiveCfg = Debug|Any CPU
		{51C0D861-E90B-4AB0-BD01-7DE58849835C}.Debug|Any CPU.Build.0 = Debug|Any CPU
		{51C0D861-E90B-4AB0-BD01-7DE58849835C}.Release|Any CPU.ActiveCfg = Release|Any CPU
		{51C0D861-E90B-4AB0-BD01-7DE58849835C}.Release|Any CPU.Build.0 = Release|Any CPU
	EndGlobalSection
	GlobalSection(SolutionProperties) = preSolution
		HideSolutionNode = FALSE
	EndGlobalSection
EndGlobal
