
Microsoft Visual Studio Solution File, Format Version 12.00
# Visual Studio Version 17
VisualStudioVersion = 17.12.35527.113
MinimumVisualStudioVersion = 10.0.40219.1
Project("{FAE04EC0-301F-11D3-BF4B-00C04F79EFBC}") = "revisao", "RevisaoAula1\revisao.csproj", "{51C0D861-E90B-4AB0-BD01-7DE58849835C}"
EndProject
Project("{2150E333-8FDC-42A3-9474-1A3956D46DE8}") = "0 - Presentation", "0 - Presentation", "{50D72324-9A4B-487E-9F81-D7F74FF56A1E}"
EndProject
Project("{2150E333-8FDC-42A3-9474-1A3956D46DE8}") = "1 - Application", "1 - Application", "{5ECFF7D1-97F1-417E-A9A6-936914ED3C20}"
EndProject
Project("{2150E333-8FDC-42A3-9474-1A3956D46DE8}") = "2 - Domain", "2 - Domain", "{D85DD81D-E88E-4AC1-8F38-7CBEB923EE82}"
EndProject
Project("{2150E333-8FDC-42A3-9474-1A3956D46DE8}") = "3 - Infraestructure", "3 - Infraestructure", "{248EC144-6C3D-4FB3-9884-2E0EEE67D3EB}"
EndProject
Project("{2150E333-8FDC-42A3-9474-1A3956D46DE8}") = "4 - Tests", "4 - Tests", "{9763E976-262A-4FEA-B0E2-7D196D2A1988}"
EndProject
Project("{FAE04EC0-301F-11D3-BF4B-00C04F79EFBC}") = "revisao.domain", "revisao.domain\revisao.domain.csproj", "{88B7B90F-4E83-4FDC-93F4-C8EAB2AF5AEA}"
EndProject
Project("{FAE04EC0-301F-11D3-BF4B-00C04F79EFBC}") = "revisao.data", "revisao.data\revisao.data.csproj", "{165D6B1B-EB33-475A-A735-9BCEAA412FD2}"
EndProject
Project("{FAE04EC0-301F-11D3-BF4B-00C04F79EFBC}") = "revisao.application", "revisao.application\revisao.application.csproj", "{ED5E1448-B195-4978-B0D3-A346E6A18802}"
EndProject
Project("{FAE04EC0-301F-11D3-BF4B-00C04F79EFBC}") = "revisao.IoC", "revisao.IoC\revisao.IoC.csproj", "{55BFE7B0-BC28-4026-B44F-F205ED730491}"
EndProject
Global
	GlobalSection(SolutionConfigurationPlatforms) = preSolution
		Debug|Any CPU = Debug|Any CPU
		Release|Any CPU = Release|Any CPU
	EndGlobalSection
	GlobalSection(ProjectConfigurationPlatforms) = postSolution
		{51C0D861-E90B-4AB0-BD01-7DE58849835C}.Debug|Any CPU.ActiveCfg = Debug|Any CPU
		{51C0D861-E90B-4AB0-BD01-7DE58849835C}.Debug|Any CPU.Build.0 = Debug|Any CPU
		{51C0D861-E90B-4AB0-BD01-7DE58849835C}.Release|Any CPU.ActiveCfg = Release|Any CPU
		{51C0D861-E90B-4AB0-BD01-7DE58849835C}.Release|Any CPU.Build.0 = Release|Any CPU
		{88B7B90F-4E83-4FDC-93F4-C8EAB2AF5AEA}.Debug|Any CPU.ActiveCfg = Debug|Any CPU
		{88B7B90F-4E83-4FDC-93F4-C8EAB2AF5AEA}.Debug|Any CPU.Build.0 = Debug|Any CPU
		{88B7B90F-4E83-4FDC-93F4-C8EAB2AF5AEA}.Release|Any CPU.ActiveCfg = Release|Any CPU
		{88B7B90F-4E83-4FDC-93F4-C8EAB2AF5AEA}.Release|Any CPU.Build.0 = Release|Any CPU
		{165D6B1B-EB33-475A-A735-9BCEAA412FD2}.Debug|Any CPU.ActiveCfg = Debug|Any CPU
		{165D6B1B-EB33-475A-A735-9BCEAA412FD2}.Debug|Any CPU.Build.0 = Debug|Any CPU
		{165D6B1B-EB33-475A-A735-9BCEAA412FD2}.Release|Any CPU.ActiveCfg = Release|Any CPU
		{165D6B1B-EB33-475A-A735-9BCEAA412FD2}.Release|Any CPU.Build.0 = Release|Any CPU
		{ED5E1448-B195-4978-B0D3-A346E6A18802}.Debug|Any CPU.ActiveCfg = Debug|Any CPU
		{ED5E1448-B195-4978-B0D3-A346E6A18802}.Debug|Any CPU.Build.0 = Debug|Any CPU
		{ED5E1448-B195-4978-B0D3-A346E6A18802}.Release|Any CPU.ActiveCfg = Release|Any CPU
		{ED5E1448-B195-4978-B0D3-A346E6A18802}.Release|Any CPU.Build.0 = Release|Any CPU
		{55BFE7B0-BC28-4026-B44F-F205ED730491}.Debug|Any CPU.ActiveCfg = Debug|Any CPU
		{55BFE7B0-BC28-4026-B44F-F205ED730491}.Debug|Any CPU.Build.0 = Debug|Any CPU
		{55BFE7B0-BC28-4026-B44F-F205ED730491}.Release|Any CPU.ActiveCfg = Release|Any CPU
		{55BFE7B0-BC28-4026-B44F-F205ED730491}.Release|Any CPU.Build.0 = Release|Any CPU
	EndGlobalSection
	GlobalSection(SolutionProperties) = preSolution
		HideSolutionNode = FALSE
	EndGlobalSection
	GlobalSection(NestedProjects) = preSolution
		{51C0D861-E90B-4AB0-BD01-7DE58849835C} = {50D72324-9A4B-487E-9F81-D7F74FF56A1E}
		{88B7B90F-4E83-4FDC-93F4-C8EAB2AF5AEA} = {D85DD81D-E88E-4AC1-8F38-7CBEB923EE82}
		{165D6B1B-EB33-475A-A735-9BCEAA412FD2} = {248EC144-6C3D-4FB3-9884-2E0EEE67D3EB}
		{ED5E1448-B195-4978-B0D3-A346E6A18802} = {5ECFF7D1-97F1-417E-A9A6-936914ED3C20}
		{55BFE7B0-BC28-4026-B44F-F205ED730491} = {248EC144-6C3D-4FB3-9884-2E0EEE67D3EB}
	EndGlobalSection
EndGlobal
